
Microsoft Visual Studio Solution File, Format Version 12.00
# Visual Studio Version 17
VisualStudioVersion = 17.14.36518.9 d17.14
MinimumVisualStudioVersion = 10.0.40219.1
Project("{FAE04EC0-301F-11D3-BF4B-00C04F79EFBC}") = "Example_Console_3", "Example_Console_3.csproj", "{D4820AB7-ED66-4C11-A3B7-189957B83C2E}"
EndProject
Global
	GlobalSection(SolutionConfigurationPlatforms) = preSolution
		Debug|Any CPU = Debug|Any CPU
		Release|Any CPU = Release|Any CPU
	EndGlobalSection
	GlobalSection(ProjectConfigurationPlatforms) = postSolution
		{D4820AB7-ED66-4C11-A3B7-189957B83C2E}.Debug|Any CPU.ActiveCfg = Debug|Any CPU
		{D4820AB7-ED66-4C11-A3B7-189957B83C2E}.Debug|Any CPU.Build.0 = Debug|Any CPU
		{D4820AB7-ED66-4C11-A3B7-189957B83C2E}.Release|Any CPU.ActiveCfg = Release|Any CPU
		{D4820AB7-ED66-4C11-A3B7-189957B83C2E}.Release|Any CPU.Build.0 = Release|Any CPU
	EndGlobalSection
	GlobalSection(SolutionProperties) = preSolution
		HideSolutionNode = FALSE
	EndGlobalSection
	GlobalSection(ExtensibilityGlobals) = postSolution
		SolutionGuid = {7223227F-48A9-4416-8979-DB676736BD22}
	EndGlobalSection
EndGlobal
